// !$*UTF8*$!
{
	archiveVersion = 1;
	classes = {
	};
	objectVersion = 46;
	objects = {

/* Begin PBXBuildFile section */
		F03859D61F5925760053F2F7 /* main.m in Sources */ = {isa = PBXBuildFile; fileRef = F03859D51F5925760053F2F7 /* main.m */; };
		F03859D91F5925760053F2F7 /* AppDelegate.m in Sources */ = {isa = PBXBuildFile; fileRef = F03859D81F5925760053F2F7 /* AppDelegate.m */; };
		F03859DC1F5925760053F2F7 /* ViewController.m in Sources */ = {isa = PBXBuildFile; fileRef = F03859DB1F5925760053F2F7 /* ViewController.m */; };
		F03859DF1F5925760053F2F7 /* Main.storyboard in Resources */ = {isa = PBXBuildFile; fileRef = F03859DD1F5925760053F2F7 /* Main.storyboard */; };
		F03859E11F5925760053F2F7 /* Assets.xcassets in Resources */ = {isa = PBXBuildFile; fileRef = F03859E01F5925760053F2F7 /* Assets.xcassets */; };
		F03859E41F5925760053F2F7 /* LaunchScreen.storyboard in Resources */ = {isa = PBXBuildFile; fileRef = F03859E21F5925760053F2F7 /* LaunchScreen.storyboard */; };
		F03859EF1F5925760053F2F7 /* SDWebImageTests.m in Sources */ = {isa = PBXBuildFile; fileRef = F03859EE1F5925760053F2F7 /* SDWebImageTests.m */; };
		F03859FA1F5925760053F2F7 /* SDWebImageUITests.m in Sources */ = {isa = PBXBuildFile; fileRef = F03859F91F5925760053F2F7 /* SDWebImageUITests.m */; };
		F0385A151F5929620053F2F7 /* AFHTTPSessionManager.m in Sources */ = {isa = PBXBuildFile; fileRef = F0385A091F5929620053F2F7 /* AFHTTPSessionManager.m */; };
		F0385A161F5929620053F2F7 /* AFNetworkReachabilityManager.m in Sources */ = {isa = PBXBuildFile; fileRef = F0385A0C1F5929620053F2F7 /* AFNetworkReachabilityManager.m */; };
		F0385A171F5929620053F2F7 /* AFSecurityPolicy.m in Sources */ = {isa = PBXBuildFile; fileRef = F0385A0E1F5929620053F2F7 /* AFSecurityPolicy.m */; };
		F0385A181F5929620053F2F7 /* AFURLRequestSerialization.m in Sources */ = {isa = PBXBuildFile; fileRef = F0385A101F5929620053F2F7 /* AFURLRequestSerialization.m */; };
		F0385A191F5929620053F2F7 /* AFURLResponseSerialization.m in Sources */ = {isa = PBXBuildFile; fileRef = F0385A121F5929620053F2F7 /* AFURLResponseSerialization.m */; };
		F0385A1A1F5929620053F2F7 /* AFURLSessionManager.m in Sources */ = {isa = PBXBuildFile; fileRef = F0385A141F5929620053F2F7 /* AFURLSessionManager.m */; };
		F0385A471F592A120053F2F7 /* MKAnnotationView+WebCache.m in Sources */ = {isa = PBXBuildFile; fileRef = F0385A201F592A120053F2F7 /* MKAnnotationView+WebCache.m */; };
		F0385A481F592A120053F2F7 /* NSData+ImageContentType.m in Sources */ = {isa = PBXBuildFile; fileRef = F0385A221F592A120053F2F7 /* NSData+ImageContentType.m */; };
		F0385A491F592A120053F2F7 /* NSImage+WebCache.m in Sources */ = {isa = PBXBuildFile; fileRef = F0385A241F592A120053F2F7 /* NSImage+WebCache.m */; };
		F0385A4A1F592A120053F2F7 /* SDImageCache.m in Sources */ = {isa = PBXBuildFile; fileRef = F0385A261F592A120053F2F7 /* SDImageCache.m */; };
		F0385A4B1F592A120053F2F7 /* SDImageCacheConfig.m in Sources */ = {isa = PBXBuildFile; fileRef = F0385A281F592A120053F2F7 /* SDImageCacheConfig.m */; };
		F0385A4C1F592A120053F2F7 /* SDWebImageCompat.m in Sources */ = {isa = PBXBuildFile; fileRef = F0385A2A1F592A120053F2F7 /* SDWebImageCompat.m */; };
		F0385A4D1F592A120053F2F7 /* SDWebImageDecoder.m in Sources */ = {isa = PBXBuildFile; fileRef = F0385A2C1F592A120053F2F7 /* SDWebImageDecoder.m */; };
		F0385A4E1F592A120053F2F7 /* SDWebImageDownloader.m in Sources */ = {isa = PBXBuildFile; fileRef = F0385A2E1F592A120053F2F7 /* SDWebImageDownloader.m */; };
		F0385A4F1F592A120053F2F7 /* SDWebImageDownloaderOperation.m in Sources */ = {isa = PBXBuildFile; fileRef = F0385A301F592A120053F2F7 /* SDWebImageDownloaderOperation.m */; };
		F0385A501F592A120053F2F7 /* SDWebImageManager.m in Sources */ = {isa = PBXBuildFile; fileRef = F0385A321F592A120053F2F7 /* SDWebImageManager.m */; };
		F0385A511F592A120053F2F7 /* SDWebImagePrefetcher.m in Sources */ = {isa = PBXBuildFile; fileRef = F0385A351F592A120053F2F7 /* SDWebImagePrefetcher.m */; };
		F0385A521F592A120053F2F7 /* UIButton+WebCache.m in Sources */ = {isa = PBXBuildFile; fileRef = F0385A371F592A120053F2F7 /* UIButton+WebCache.m */; };
		F0385A531F592A120053F2F7 /* UIImage+GIF.m in Sources */ = {isa = PBXBuildFile; fileRef = F0385A391F592A120053F2F7 /* UIImage+GIF.m */; };
		F0385A541F592A120053F2F7 /* UIImage+MultiFormat.m in Sources */ = {isa = PBXBuildFile; fileRef = F0385A3B1F592A120053F2F7 /* UIImage+MultiFormat.m */; };
		F0385A551F592A120053F2F7 /* UIImage+WebP.m in Sources */ = {isa = PBXBuildFile; fileRef = F0385A3D1F592A120053F2F7 /* UIImage+WebP.m */; };
		F0385A561F592A120053F2F7 /* UIImageView+HighlightedWebCache.m in Sources */ = {isa = PBXBuildFile; fileRef = F0385A3F1F592A120053F2F7 /* UIImageView+HighlightedWebCache.m */; };
		F0385A571F592A120053F2F7 /* UIImageView+WebCache.m in Sources */ = {isa = PBXBuildFile; fileRef = F0385A411F592A120053F2F7 /* UIImageView+WebCache.m */; };
		F0385A581F592A120053F2F7 /* UIView+WebCache.m in Sources */ = {isa = PBXBuildFile; fileRef = F0385A431F592A120053F2F7 /* UIView+WebCache.m */; };
		F0385A591F592A120053F2F7 /* UIView+WebCacheOperation.m in Sources */ = {isa = PBXBuildFile; fileRef = F0385A451F592A120053F2F7 /* UIView+WebCacheOperation.m */; };
		F0385A5C1F592D930053F2F7 /* BookModel.m in Sources */ = {isa = PBXBuildFile; fileRef = F0385A5B1F592D930053F2F7 /* BookModel.m */; };
		F0385A5E1F593AB50053F2F7 /* 1.png in Resources */ = {isa = PBXBuildFile; fileRef = F0385A5D1F593AB50053F2F7 /* 1.png */; };
/* End PBXBuildFile section */

/* Begin PBXContainerItemProxy section */
		F03859EB1F5925760053F2F7 /* PBXContainerItemProxy */ = {
			isa = PBXContainerItemProxy;
			containerPortal = F03859C91F5925760053F2F7 /* Project object */;
			proxyType = 1;
			remoteGlobalIDString = F03859D01F5925760053F2F7;
			remoteInfo = SDWebImage;
		};
		F03859F61F5925760053F2F7 /* PBXContainerItemProxy */ = {
			isa = PBXContainerItemProxy;
			containerPortal = F03859C91F5925760053F2F7 /* Project object */;
			proxyType = 1;
			remoteGlobalIDString = F03859D01F5925760053F2F7;
			remoteInfo = SDWebImage;
		};
/* End PBXContainerItemProxy section */

/* Begin PBXFileReference section */
		F03859D11F5925760053F2F7 /* SDWebImage.app */ = {isa = PBXFileReference; explicitFileType = wrapper.application; includeInIndex = 0; path = SDWebImage.app; sourceTree = BUILT_PRODUCTS_DIR; };
		F03859D51F5925760053F2F7 /* main.m */ = {isa = PBXFileReference; lastKnownFileType = sourcecode.c.objc; path = main.m; sourceTree = "<group>"; };
		F03859D71F5925760053F2F7 /* AppDelegate.h */ = {isa = PBXFileReference; lastKnownFileType = sourcecode.c.h; path = AppDelegate.h; sourceTree = "<group>"; };
		F03859D81F5925760053F2F7 /* AppDelegate.m */ = {isa = PBXFileReference; lastKnownFileType = sourcecode.c.objc; path = AppDelegate.m; sourceTree = "<group>"; };
		F03859DA1F5925760053F2F7 /* ViewController.h */ = {isa = PBXFileReference; lastKnownFileType = sourcecode.c.h; path = ViewController.h; sourceTree = "<group>"; };
		F03859DB1F5925760053F2F7 /* ViewController.m */ = {isa = PBXFileReference; lastKnownFileType = sourcecode.c.objc; path = ViewController.m; sourceTree = "<group>"; };
		F03859DE1F5925760053F2F7 /* Base */ = {isa = PBXFileReference; lastKnownFileType = file.storyboard; name = Base; path = Base.lproj/Main.storyboard; sourceTree = "<group>"; };
		F03859E01F5925760053F2F7 /* Assets.xcassets */ = {isa = PBXFileReference; lastKnownFileType = folder.assetcatalog; path = Assets.xcassets; sourceTree = "<group>"; };
		F03859E31F5925760053F2F7 /* Base */ = {isa = PBXFileReference; lastKnownFileType = file.storyboard; name = Base; path = Base.lproj/LaunchScreen.storyboard; sourceTree = "<group>"; };
		F03859E51F5925760053F2F7 /* Info.plist */ = {isa = PBXFileReference; lastKnownFileType = text.plist.xml; path = Info.plist; sourceTree = "<group>"; };
		F03859EA1F5925760053F2F7 /* SDWebImageTests.xctest */ = {isa = PBXFileReference; explicitFileType = wrapper.cfbundle; includeInIndex = 0; path = SDWebImageTests.xctest; sourceTree = BUILT_PRODUCTS_DIR; };
		F03859EE1F5925760053F2F7 /* SDWebImageTests.m */ = {isa = PBXFileReference; lastKnownFileType = sourcecode.c.objc; path = SDWebImageTests.m; sourceTree = "<group>"; };
		F03859F01F5925760053F2F7 /* Info.plist */ = {isa = PBXFileReference; lastKnownFileType = text.plist.xml; path = Info.plist; sourceTree = "<group>"; };
		F03859F51F5925760053F2F7 /* SDWebImageUITests.xctest */ = {isa = PBXFileReference; explicitFileType = wrapper.cfbundle; includeInIndex = 0; path = SDWebImageUITests.xctest; sourceTree = BUILT_PRODUCTS_DIR; };
		F03859F91F5925760053F2F7 /* SDWebImageUITests.m */ = {isa = PBXFileReference; lastKnownFileType = sourcecode.c.objc; path = SDWebImageUITests.m; sourceTree = "<group>"; };
		F03859FB1F5925760053F2F7 /* Info.plist */ = {isa = PBXFileReference; lastKnownFileType = text.plist.xml; path = Info.plist; sourceTree = "<group>"; };
		F0385A081F5929620053F2F7 /* AFHTTPSessionManager.h */ = {isa = PBXFileReference; fileEncoding = 4; lastKnownFileType = sourcecode.c.h; path = AFHTTPSessionManager.h; sourceTree = "<group>"; };
		F0385A091F5929620053F2F7 /* AFHTTPSessionManager.m */ = {isa = PBXFileReference; fileEncoding = 4; lastKnownFileType = sourcecode.c.objc; path = AFHTTPSessionManager.m; sourceTree = "<group>"; };
		F0385A0A1F5929620053F2F7 /* AFNetworking.h */ = {isa = PBXFileReference; fileEncoding = 4; lastKnownFileType = sourcecode.c.h; path = AFNetworking.h; sourceTree = "<group>"; };
		F0385A0B1F5929620053F2F7 /* AFNetworkReachabilityManager.h */ = {isa = PBXFileReference; fileEncoding = 4; lastKnownFileType = sourcecode.c.h; path = AFNetworkReachabilityManager.h; sourceTree = "<group>"; };
		F0385A0C1F5929620053F2F7 /* AFNetworkReachabilityManager.m */ = {isa = PBXFileReference; fileEncoding = 4; lastKnownFileType = sourcecode.c.objc; path = AFNetworkReachabilityManager.m; sourceTree = "<group>"; };
		F0385A0D1F5929620053F2F7 /* AFSecurityPolicy.h */ = {isa = PBXFileReference; fileEncoding = 4; lastKnownFileType = sourcecode.c.h; path = AFSecurityPolicy.h; sourceTree = "<group>"; };
		F0385A0E1F5929620053F2F7 /* AFSecurityPolicy.m */ = {isa = PBXFileReference; fileEncoding = 4; lastKnownFileType = sourcecode.c.objc; path = AFSecurityPolicy.m; sourceTree = "<group>"; };
		F0385A0F1F5929620053F2F7 /* AFURLRequestSerialization.h */ = {isa = PBXFileReference; fileEncoding = 4; lastKnownFileType = sourcecode.c.h; path = AFURLRequestSerialization.h; sourceTree = "<group>"; };
		F0385A101F5929620053F2F7 /* AFURLRequestSerialization.m */ = {isa = PBXFileReference; fileEncoding = 4; lastKnownFileType = sourcecode.c.objc; path = AFURLRequestSerialization.m; sourceTree = "<group>"; };
		F0385A111F5929620053F2F7 /* AFURLResponseSerialization.h */ = {isa = PBXFileReference; fileEncoding = 4; lastKnownFileType = sourcecode.c.h; path = AFURLResponseSerialization.h; sourceTree = "<group>"; };
		F0385A121F5929620053F2F7 /* AFURLResponseSerialization.m */ = {isa = PBXFileReference; fileEncoding = 4; lastKnownFileType = sourcecode.c.objc; path = AFURLResponseSerialization.m; sourceTree = "<group>"; };
		F0385A131F5929620053F2F7 /* AFURLSessionManager.h */ = {isa = PBXFileReference; fileEncoding = 4; lastKnownFileType = sourcecode.c.h; path = AFURLSessionManager.h; sourceTree = "<group>"; };
		F0385A141F5929620053F2F7 /* AFURLSessionManager.m */ = {isa = PBXFileReference; fileEncoding = 4; lastKnownFileType = sourcecode.c.objc; path = AFURLSessionManager.m; sourceTree = "<group>"; };
		F0385A1F1F592A120053F2F7 /* MKAnnotationView+WebCache.h */ = {isa = PBXFileReference; fileEncoding = 4; lastKnownFileType = sourcecode.c.h; path = "MKAnnotationView+WebCache.h"; sourceTree = "<group>"; };
		F0385A201F592A120053F2F7 /* MKAnnotationView+WebCache.m */ = {isa = PBXFileReference; fileEncoding = 4; lastKnownFileType = sourcecode.c.objc; path = "MKAnnotationView+WebCache.m"; sourceTree = "<group>"; };
		F0385A211F592A120053F2F7 /* NSData+ImageContentType.h */ = {isa = PBXFileReference; fileEncoding = 4; lastKnownFileType = sourcecode.c.h; path = "NSData+ImageContentType.h"; sourceTree = "<group>"; };
		F0385A221F592A120053F2F7 /* NSData+ImageContentType.m */ = {isa = PBXFileReference; fileEncoding = 4; lastKnownFileType = sourcecode.c.objc; path = "NSData+ImageContentType.m"; sourceTree = "<group>"; };
		F0385A231F592A120053F2F7 /* NSImage+WebCache.h */ = {isa = PBXFileReference; fileEncoding = 4; lastKnownFileType = sourcecode.c.h; path = "NSImage+WebCache.h"; sourceTree = "<group>"; };
		F0385A241F592A120053F2F7 /* NSImage+WebCache.m */ = {isa = PBXFileReference; fileEncoding = 4; lastKnownFileType = sourcecode.c.objc; path = "NSImage+WebCache.m"; sourceTree = "<group>"; };
		F0385A251F592A120053F2F7 /* SDImageCache.h */ = {isa = PBXFileReference; fileEncoding = 4; lastKnownFileType = sourcecode.c.h; path = SDImageCache.h; sourceTree = "<group>"; };
		F0385A261F592A120053F2F7 /* SDImageCache.m */ = {isa = PBXFileReference; fileEncoding = 4; lastKnownFileType = sourcecode.c.objc; path = SDImageCache.m; sourceTree = "<group>"; };
		F0385A271F592A120053F2F7 /* SDImageCacheConfig.h */ = {isa = PBXFileReference; fileEncoding = 4; lastKnownFileType = sourcecode.c.h; path = SDImageCacheConfig.h; sourceTree = "<group>"; };
		F0385A281F592A120053F2F7 /* SDImageCacheConfig.m */ = {isa = PBXFileReference; fileEncoding = 4; lastKnownFileType = sourcecode.c.objc; path = SDImageCacheConfig.m; sourceTree = "<group>"; };
		F0385A291F592A120053F2F7 /* SDWebImageCompat.h */ = {isa = PBXFileReference; fileEncoding = 4; lastKnownFileType = sourcecode.c.h; path = SDWebImageCompat.h; sourceTree = "<group>"; };
		F0385A2A1F592A120053F2F7 /* SDWebImageCompat.m */ = {isa = PBXFileReference; fileEncoding = 4; lastKnownFileType = sourcecode.c.objc; path = SDWebImageCompat.m; sourceTree = "<group>"; };
		F0385A2B1F592A120053F2F7 /* SDWebImageDecoder.h */ = {isa = PBXFileReference; fileEncoding = 4; lastKnownFileType = sourcecode.c.h; path = SDWebImageDecoder.h; sourceTree = "<group>"; };
		F0385A2C1F592A120053F2F7 /* SDWebImageDecoder.m */ = {isa = PBXFileReference; fileEncoding = 4; lastKnownFileType = sourcecode.c.objc; path = SDWebImageDecoder.m; sourceTree = "<group>"; };
		F0385A2D1F592A120053F2F7 /* SDWebImageDownloader.h */ = {isa = PBXFileReference; fileEncoding = 4; lastKnownFileType = sourcecode.c.h; path = SDWebImageDownloader.h; sourceTree = "<group>"; };
		F0385A2E1F592A120053F2F7 /* SDWebImageDownloader.m */ = {isa = PBXFileReference; fileEncoding = 4; lastKnownFileType = sourcecode.c.objc; path = SDWebImageDownloader.m; sourceTree = "<group>"; };
		F0385A2F1F592A120053F2F7 /* SDWebImageDownloaderOperation.h */ = {isa = PBXFileReference; fileEncoding = 4; lastKnownFileType = sourcecode.c.h; path = SDWebImageDownloaderOperation.h; sourceTree = "<group>"; };
		F0385A301F592A120053F2F7 /* SDWebImageDownloaderOperation.m */ = {isa = PBXFileReference; fileEncoding = 4; lastKnownFileType = sourcecode.c.objc; path = SDWebImageDownloaderOperation.m; sourceTree = "<group>"; };
		F0385A311F592A120053F2F7 /* SDWebImageManager.h */ = {isa = PBXFileReference; fileEncoding = 4; lastKnownFileType = sourcecode.c.h; path = SDWebImageManager.h; sourceTree = "<group>"; };
		F0385A321F592A120053F2F7 /* SDWebImageManager.m */ = {isa = PBXFileReference; fileEncoding = 4; lastKnownFileType = sourcecode.c.objc; path = SDWebImageManager.m; sourceTree = "<group>"; };
		F0385A331F592A120053F2F7 /* SDWebImageOperation.h */ = {isa = PBXFileReference; fileEncoding = 4; lastKnownFileType = sourcecode.c.h; path = SDWebImageOperation.h; sourceTree = "<group>"; };
		F0385A341F592A120053F2F7 /* SDWebImagePrefetcher.h */ = {isa = PBXFileReference; fileEncoding = 4; lastKnownFileType = sourcecode.c.h; path = SDWebImagePrefetcher.h; sourceTree = "<group>"; };
		F0385A351F592A120053F2F7 /* SDWebImagePrefetcher.m */ = {isa = PBXFileReference; fileEncoding = 4; lastKnownFileType = sourcecode.c.objc; path = SDWebImagePrefetcher.m; sourceTree = "<group>"; };
		F0385A361F592A120053F2F7 /* UIButton+WebCache.h */ = {isa = PBXFileReference; fileEncoding = 4; lastKnownFileType = sourcecode.c.h; path = "UIButton+WebCache.h"; sourceTree = "<group>"; };
		F0385A371F592A120053F2F7 /* UIButton+WebCache.m */ = {isa = PBXFileReference; fileEncoding = 4; lastKnownFileType = sourcecode.c.objc; path = "UIButton+WebCache.m"; sourceTree = "<group>"; };
		F0385A381F592A120053F2F7 /* UIImage+GIF.h */ = {isa = PBXFileReference; fileEncoding = 4; lastKnownFileType = sourcecode.c.h; path = "UIImage+GIF.h"; sourceTree = "<group>"; };
		F0385A391F592A120053F2F7 /* UIImage+GIF.m */ = {isa = PBXFileReference; fileEncoding = 4; lastKnownFileType = sourcecode.c.objc; path = "UIImage+GIF.m"; sourceTree = "<group>"; };
		F0385A3A1F592A120053F2F7 /* UIImage+MultiFormat.h */ = {isa = PBXFileReference; fileEncoding = 4; lastKnownFileType = sourcecode.c.h; path = "UIImage+MultiFormat.h"; sourceTree = "<group>"; };
		F0385A3B1F592A120053F2F7 /* UIImage+MultiFormat.m */ = {isa = PBXFileReference; fileEncoding = 4; lastKnownFileType = sourcecode.c.objc; path = "UIImage+MultiFormat.m"; sourceTree = "<group>"; };
		F0385A3C1F592A120053F2F7 /* UIImage+WebP.h */ = {isa = PBXFileReference; fileEncoding = 4; lastKnownFileType = sourcecode.c.h; path = "UIImage+WebP.h"; sourceTree = "<group>"; };
		F0385A3D1F592A120053F2F7 /* UIImage+WebP.m */ = {isa = PBXFileReference; fileEncoding = 4; lastKnownFileType = sourcecode.c.objc; path = "UIImage+WebP.m"; sourceTree = "<group>"; };
		F0385A3E1F592A120053F2F7 /* UIImageView+HighlightedWebCache.h */ = {isa = PBXFileReference; fileEncoding = 4; lastKnownFileType = sourcecode.c.h; path = "UIImageView+HighlightedWebCache.h"; sourceTree = "<group>"; };
		F0385A3F1F592A120053F2F7 /* UIImageView+HighlightedWebCache.m */ = {isa = PBXFileReference; fileEncoding = 4; lastKnownFileType = sourcecode.c.objc; path = "UIImageView+HighlightedWebCache.m"; sourceTree = "<group>"; };
		F0385A401F592A120053F2F7 /* UIImageView+WebCache.h */ = {isa = PBXFileReference; fileEncoding = 4; lastKnownFileType = sourcecode.c.h; path = "UIImageView+WebCache.h"; sourceTree = "<group>"; };
		F0385A411F592A120053F2F7 /* UIImageView+WebCache.m */ = {isa = PBXFileReference; fileEncoding = 4; lastKnownFileType = sourcecode.c.objc; path = "UIImageView+WebCache.m"; sourceTree = "<group>"; };
		F0385A421F592A120053F2F7 /* UIView+WebCache.h */ = {isa = PBXFileReference; fileEncoding = 4; lastKnownFileType = sourcecode.c.h; path = "UIView+WebCache.h"; sourceTree = "<group>"; };
		F0385A431F592A120053F2F7 /* UIView+WebCache.m */ = {isa = PBXFileReference; fileEncoding = 4; lastKnownFileType = sourcecode.c.objc; path = "UIView+WebCache.m"; sourceTree = "<group>"; };
		F0385A441F592A120053F2F7 /* UIView+WebCacheOperation.h */ = {isa = PBXFileReference; fileEncoding = 4; lastKnownFileType = sourcecode.c.h; path = "UIView+WebCacheOperation.h"; sourceTree = "<group>"; };
		F0385A451F592A120053F2F7 /* UIView+WebCacheOperation.m */ = {isa = PBXFileReference; fileEncoding = 4; lastKnownFileType = sourcecode.c.objc; path = "UIView+WebCacheOperation.m"; sourceTree = "<group>"; };
		F0385A5A1F592D930053F2F7 /* BookModel.h */ = {isa = PBXFileReference; fileEncoding = 4; lastKnownFileType = sourcecode.c.h; path = BookModel.h; sourceTree = "<group>"; };
		F0385A5B1F592D930053F2F7 /* BookModel.m */ = {isa = PBXFileReference; fileEncoding = 4; lastKnownFileType = sourcecode.c.objc; path = BookModel.m; sourceTree = "<group>"; };
		F0385A5D1F593AB50053F2F7 /* 1.png */ = {isa = PBXFileReference; lastKnownFileType = image.png; path = 1.png; sourceTree = "<group>"; };
/* End PBXFileReference section */

/* Begin PBXFrameworksBuildPhase section */
		F03859CE1F5925760053F2F7 /* Frameworks */ = {
			isa = PBXFrameworksBuildPhase;
			buildActionMask = 2147483647;
			files = (
			);
			runOnlyForDeploymentPostprocessing = 0;
		};
		F03859E71F5925760053F2F7 /* Frameworks */ = {
			isa = PBXFrameworksBuildPhase;
			buildActionMask = 2147483647;
			files = (
			);
			runOnlyForDeploymentPostprocessing = 0;
		};
		F03859F21F5925760053F2F7 /* Frameworks */ = {
			isa = PBXFrameworksBuildPhase;
			buildActionMask = 2147483647;
			files = (
			);
			runOnlyForDeploymentPostprocessing = 0;
		};
/* End PBXFrameworksBuildPhase section */

/* Begin PBXGroup section */
		F03859C81F5925760053F2F7 = {
			isa = PBXGroup;
			children = (
				F0385A5D1F593AB50053F2F7 /* 1.png */,
				F0385A1B1F592A120053F2F7 /* SDWebImage */,
				F0385A071F5929620053F2F7 /* AFNetworking */,
				F03859D31F5925760053F2F7 /* SDWebImages */,
				F03859ED1F5925760053F2F7 /* SDWebImageTests */,
				F03859F81F5925760053F2F7 /* SDWebImageUITests */,
				F03859D21F5925760053F2F7 /* Products */,
			);
			sourceTree = "<group>";
		};
		F03859D21F5925760053F2F7 /* Products */ = {
			isa = PBXGroup;
			children = (
				F03859D11F5925760053F2F7 /* SDWebImage.app */,
				F03859EA1F5925760053F2F7 /* SDWebImageTests.xctest */,
				F03859F51F5925760053F2F7 /* SDWebImageUITests.xctest */,
			);
			name = Products;
			sourceTree = "<group>";
		};
		F03859D31F5925760053F2F7 /* SDWebImages */ = {
			isa = PBXGroup;
			children = (
				F03859D71F5925760053F2F7 /* AppDelegate.h */,
				F03859D81F5925760053F2F7 /* AppDelegate.m */,
				F03859DA1F5925760053F2F7 /* ViewController.h */,
				F03859DB1F5925760053F2F7 /* ViewController.m */,
				F0385A5A1F592D930053F2F7 /* BookModel.h */,
				F0385A5B1F592D930053F2F7 /* BookModel.m */,
				F03859DD1F5925760053F2F7 /* Main.storyboard */,
				F03859E01F5925760053F2F7 /* Assets.xcassets */,
				F03859E21F5925760053F2F7 /* LaunchScreen.storyboard */,
				F03859E51F5925760053F2F7 /* Info.plist */,
				F03859D41F5925760053F2F7 /* Supporting Files */,
			);
			name = SDWebImages;
			path = SDWebImage;
			sourceTree = "<group>";
		};
		F03859D41F5925760053F2F7 /* Supporting Files */ = {
			isa = PBXGroup;
			children = (
				F03859D51F5925760053F2F7 /* main.m */,
			);
			name = "Supporting Files";
			sourceTree = "<group>";
		};
		F03859ED1F5925760053F2F7 /* SDWebImageTests */ = {
			isa = PBXGroup;
			children = (
				F03859EE1F5925760053F2F7 /* SDWebImageTests.m */,
				F03859F01F5925760053F2F7 /* Info.plist */,
			);
			path = SDWebImageTests;
			sourceTree = "<group>";
		};
		F03859F81F5925760053F2F7 /* SDWebImageUITests */ = {
			isa = PBXGroup;
			children = (
				F03859F91F5925760053F2F7 /* SDWebImageUITests.m */,
				F03859FB1F5925760053F2F7 /* Info.plist */,
			);
			path = SDWebImageUITests;
			sourceTree = "<group>";
		};
		F0385A071F5929620053F2F7 /* AFNetworking */ = {
			isa = PBXGroup;
			children = (
				F0385A081F5929620053F2F7 /* AFHTTPSessionManager.h */,
				F0385A091F5929620053F2F7 /* AFHTTPSessionManager.m */,
				F0385A0A1F5929620053F2F7 /* AFNetworking.h */,
				F0385A0B1F5929620053F2F7 /* AFNetworkReachabilityManager.h */,
				F0385A0C1F5929620053F2F7 /* AFNetworkReachabilityManager.m */,
				F0385A0D1F5929620053F2F7 /* AFSecurityPolicy.h */,
				F0385A0E1F5929620053F2F7 /* AFSecurityPolicy.m */,
				F0385A0F1F5929620053F2F7 /* AFURLRequestSerialization.h */,
				F0385A101F5929620053F2F7 /* AFURLRequestSerialization.m */,
				F0385A111F5929620053F2F7 /* AFURLResponseSerialization.h */,
				F0385A121F5929620053F2F7 /* AFURLResponseSerialization.m */,
				F0385A131F5929620053F2F7 /* AFURLSessionManager.h */,
				F0385A141F5929620053F2F7 /* AFURLSessionManager.m */,
			);
			path = AFNetworking;
			sourceTree = "<group>";
		};
		F0385A1B1F592A120053F2F7 /* SDWebImage */ = {
			isa = PBXGroup;
			children = (
				F0385A1F1F592A120053F2F7 /* MKAnnotationView+WebCache.h */,
				F0385A201F592A120053F2F7 /* MKAnnotationView+WebCache.m */,
				F0385A211F592A120053F2F7 /* NSData+ImageContentType.h */,
				F0385A221F592A120053F2F7 /* NSData+ImageContentType.m */,
				F0385A231F592A120053F2F7 /* NSImage+WebCache.h */,
				F0385A241F592A120053F2F7 /* NSImage+WebCache.m */,
				F0385A251F592A120053F2F7 /* SDImageCache.h */,
				F0385A261F592A120053F2F7 /* SDImageCache.m */,
				F0385A271F592A120053F2F7 /* SDImageCacheConfig.h */,
				F0385A281F592A120053F2F7 /* SDImageCacheConfig.m */,
				F0385A291F592A120053F2F7 /* SDWebImageCompat.h */,
				F0385A2A1F592A120053F2F7 /* SDWebImageCompat.m */,
				F0385A2B1F592A120053F2F7 /* SDWebImageDecoder.h */,
				F0385A2C1F592A120053F2F7 /* SDWebImageDecoder.m */,
				F0385A2D1F592A120053F2F7 /* SDWebImageDownloader.h */,
				F0385A2E1F592A120053F2F7 /* SDWebImageDownloader.m */,
				F0385A2F1F592A120053F2F7 /* SDWebImageDownloaderOperation.h */,
				F0385A301F592A120053F2F7 /* SDWebImageDownloaderOperation.m */,
				F0385A311F592A120053F2F7 /* SDWebImageManager.h */,
				F0385A321F592A120053F2F7 /* SDWebImageManager.m */,
				F0385A331F592A120053F2F7 /* SDWebImageOperation.h */,
				F0385A341F592A120053F2F7 /* SDWebImagePrefetcher.h */,
				F0385A351F592A120053F2F7 /* SDWebImagePrefetcher.m */,
				F0385A361F592A120053F2F7 /* UIButton+WebCache.h */,
				F0385A371F592A120053F2F7 /* UIButton+WebCache.m */,
				F0385A381F592A120053F2F7 /* UIImage+GIF.h */,
				F0385A391F592A120053F2F7 /* UIImage+GIF.m */,
				F0385A3A1F592A120053F2F7 /* UIImage+MultiFormat.h */,
				F0385A3B1F592A120053F2F7 /* UIImage+MultiFormat.m */,
				F0385A3C1F592A120053F2F7 /* UIImage+WebP.h */,
				F0385A3D1F592A120053F2F7 /* UIImage+WebP.m */,
				F0385A3E1F592A120053F2F7 /* UIImageView+HighlightedWebCache.h */,
				F0385A3F1F592A120053F2F7 /* UIImageView+HighlightedWebCache.m */,
				F0385A401F592A120053F2F7 /* UIImageView+WebCache.h */,
				F0385A411F592A120053F2F7 /* UIImageView+WebCache.m */,
				F0385A421F592A120053F2F7 /* UIView+WebCache.h */,
				F0385A431F592A120053F2F7 /* UIView+WebCache.m */,
				F0385A441F592A120053F2F7 /* UIView+WebCacheOperation.h */,
				F0385A451F592A120053F2F7 /* UIView+WebCacheOperation.m */,
			);
			name = SDWebImage;
			path = AFNetworking/SDWebImage;
			sourceTree = "<group>";
		};
/* End PBXGroup section */

/* Begin PBXNativeTarget section */
		F03859D01F5925760053F2F7 /* SDWebImage */ = {
			isa = PBXNativeTarget;
			buildConfigurationList = F03859FE1F5925760053F2F7 /* Build configuration list for PBXNativeTarget "SDWebImage" */;
			buildPhases = (
				F03859CD1F5925760053F2F7 /* Sources */,
				F03859CE1F5925760053F2F7 /* Frameworks */,
				F03859CF1F5925760053F2F7 /* Resources */,
			);
			buildRules = (
			);
			dependencies = (
			);
			name = SDWebImage;
			productName = SDWebImage;
			productReference = F03859D11F5925760053F2F7 /* SDWebImage.app */;
			productType = "com.apple.product-type.application";
		};
		F03859E91F5925760053F2F7 /* SDWebImageTests */ = {
			isa = PBXNativeTarget;
			buildConfigurationList = F0385A011F5925760053F2F7 /* Build configuration list for PBXNativeTarget "SDWebImageTests" */;
			buildPhases = (
				F03859E61F5925760053F2F7 /* Sources */,
				F03859E71F5925760053F2F7 /* Frameworks */,
				F03859E81F5925760053F2F7 /* Resources */,
			);
			buildRules = (
			);
			dependencies = (
				F03859EC1F5925760053F2F7 /* PBXTargetDependency */,
			);
			name = SDWebImageTests;
			productName = SDWebImageTests;
			productReference = F03859EA1F5925760053F2F7 /* SDWebImageTests.xctest */;
			productType = "com.apple.product-type.bundle.unit-test";
		};
		F03859F41F5925760053F2F7 /* SDWebImageUITests */ = {
			isa = PBXNativeTarget;
			buildConfigurationList = F0385A041F5925760053F2F7 /* Build configuration list for PBXNativeTarget "SDWebImageUITests" */;
			buildPhases = (
				F03859F11F5925760053F2F7 /* Sources */,
				F03859F21F5925760053F2F7 /* Frameworks */,
				F03859F31F5925760053F2F7 /* Resources */,
			);
			buildRules = (
			);
			dependencies = (
				F03859F71F5925760053F2F7 /* PBXTargetDependency */,
			);
			name = SDWebImageUITests;
			productName = SDWebImageUITests;
			productReference = F03859F51F5925760053F2F7 /* SDWebImageUITests.xctest */;
			productType = "com.apple.product-type.bundle.ui-testing";
		};
/* End PBXNativeTarget section */

/* Begin PBXProject section */
		F03859C91F5925760053F2F7 /* Project object */ = {
			isa = PBXProject;
			attributes = {
				LastUpgradeCheck = 0830;
				ORGANIZATIONNAME = "zh dk";
				TargetAttributes = {
					F03859D01F5925760053F2F7 = {
						CreatedOnToolsVersion = 8.3.3;
						ProvisioningStyle = Automatic;
					};
					F03859E91F5925760053F2F7 = {
						CreatedOnToolsVersion = 8.3.3;
						ProvisioningStyle = Automatic;
						TestTargetID = F03859D01F5925760053F2F7;
					};
					F03859F41F5925760053F2F7 = {
						CreatedOnToolsVersion = 8.3.3;
						ProvisioningStyle = Automatic;
						TestTargetID = F03859D01F5925760053F2F7;
					};
				};
			};
			buildConfigurationList = F03859CC1F5925760053F2F7 /* Build configuration list for PBXProject "SDWebImage" */;
			compatibilityVersion = "Xcode 3.2";
			developmentRegion = English;
			hasScannedForEncodings = 0;
			knownRegions = (
				en,
				Base,
			);
			mainGroup = F03859C81F5925760053F2F7;
			productRefGroup = F03859D21F5925760053F2F7 /* Products */;
			projectDirPath = "";
			projectRoot = "";
			targets = (
				F03859D01F5925760053F2F7 /* SDWebImage */,
				F03859E91F5925760053F2F7 /* SDWebImageTests */,
				F03859F41F5925760053F2F7 /* SDWebImageUITests */,
			);
		};
/* End PBXProject section */

/* Begin PBXResourcesBuildPhase section */
		F03859CF1F5925760053F2F7 /* Resources */ = {
			isa = PBXResourcesBuildPhase;
			buildActionMask = 2147483647;
			files = (
				F03859E41F5925760053F2F7 /* LaunchScreen.storyboard in Resources */,
				F0385A5E1F593AB50053F2F7 /* 1.png in Resources */,
				F03859E11F5925760053F2F7 /* Assets.xcassets in Resources */,
				F03859DF1F5925760053F2F7 /* Main.storyboard in Resources */,
			);
			runOnlyForDeploymentPostprocessing = 0;
		};
		F03859E81F5925760053F2F7 /* Resources */ = {
			isa = PBXResourcesBuildPhase;
			buildActionMask = 2147483647;
			files = (
			);
			runOnlyForDeploymentPostprocessing = 0;
		};
		F03859F31F5925760053F2F7 /* Resources */ = {
			isa = PBXResourcesBuildPhase;
			buildActionMask = 2147483647;
			files = (
			);
			runOnlyForDeploymentPostprocessing = 0;
		};
/* End PBXResourcesBuildPhase section */

/* Begin PBXSourcesBuildPhase section */
		F03859CD1F5925760053F2F7 /* Sources */ = {
			isa = PBXSourcesBuildPhase;
			buildActionMask = 2147483647;
			files = (
				F0385A1A1F5929620053F2F7 /* AFURLSessionManager.m in Sources */,
				F0385A471F592A120053F2F7 /* MKAnnotationView+WebCache.m in Sources */,
				F0385A581F592A120053F2F7 /* UIView+WebCache.m in Sources */,
				F0385A551F592A120053F2F7 /* UIImage+WebP.m in Sources */,
				F0385A521F592A120053F2F7 /* UIButton+WebCache.m in Sources */,
				F0385A4F1F592A120053F2F7 /* SDWebImageDownloaderOperation.m in Sources */,
				F03859DC1F5925760053F2F7 /* ViewController.m in Sources */,
				F03859D91F5925760053F2F7 /* AppDelegate.m in Sources */,
				F0385A5C1F592D930053F2F7 /* BookModel.m in Sources */,
				F0385A491F592A120053F2F7 /* NSImage+WebCache.m in Sources */,
				F0385A161F5929620053F2F7 /* AFNetworkReachabilityManager.m in Sources */,
				F0385A4D1F592A120053F2F7 /* SDWebImageDecoder.m in Sources */,
				F03859D61F5925760053F2F7 /* main.m in Sources */,
				F0385A561F592A120053F2F7 /* UIImageView+HighlightedWebCache.m in Sources */,
				F0385A171F5929620053F2F7 /* AFSecurityPolicy.m in Sources */,
				F0385A4E1F592A120053F2F7 /* SDWebImageDownloader.m in Sources */,
				F0385A4C1F592A120053F2F7 /* SDWebImageCompat.m in Sources */,
				F0385A181F5929620053F2F7 /* AFURLRequestSerialization.m in Sources */,
				F0385A531F592A120053F2F7 /* UIImage+GIF.m in Sources */,
				F0385A541F592A120053F2F7 /* UIImage+MultiFormat.m in Sources */,
				F0385A4B1F592A120053F2F7 /* SDImageCacheConfig.m in Sources */,
				F0385A511F592A120053F2F7 /* SDWebImagePrefetcher.m in Sources */,
				F0385A191F5929620053F2F7 /* AFURLResponseSerialization.m in Sources */,
				F0385A481F592A120053F2F7 /* NSData+ImageContentType.m in Sources */,
				F0385A571F592A120053F2F7 /* UIImageView+WebCache.m in Sources */,
				F0385A501F592A120053F2F7 /* SDWebImageManager.m in Sources */,
				F0385A151F5929620053F2F7 /* AFHTTPSessionManager.m in Sources */,
				F0385A591F592A120053F2F7 /* UIView+WebCacheOperation.m in Sources */,
				F0385A4A1F592A120053F2F7 /* SDImageCache.m in Sources */,
			);
			runOnlyForDeploymentPostprocessing = 0;
		};
		F03859E61F5925760053F2F7 /* Sources */ = {
			isa = PBXSourcesBuildPhase;
			buildActionMask = 2147483647;
			files = (
				F03859EF1F5925760053F2F7 /* SDWebImageTests.m in Sources */,
			);
			runOnlyForDeploymentPostprocessing = 0;
		};
		F03859F11F5925760053F2F7 /* Sources */ = {
			isa = PBXSourcesBuildPhase;
			buildActionMask = 2147483647;
			files = (
				F03859FA1F5925760053F2F7 /* SDWebImageUITests.m in Sources */,
			);
			runOnlyForDeploymentPostprocessing = 0;
		};
/* End PBXSourcesBuildPhase section */

/* Begin PBXTargetDependency section */
		F03859EC1F5925760053F2F7 /* PBXTargetDependency */ = {
			isa = PBXTargetDependency;
			target = F03859D01F5925760053F2F7 /* SDWebImage */;
			targetProxy = F03859EB1F5925760053F2F7 /* PBXContainerItemProxy */;
		};
		F03859F71F5925760053F2F7 /* PBXTargetDependency */ = {
			isa = PBXTargetDependency;
			target = F03859D01F5925760053F2F7 /* SDWebImage */;
			targetProxy = F03859F61F5925760053F2F7 /* PBXContainerItemProxy */;
		};
/* End PBXTargetDependency section */

/* Begin PBXVariantGroup section */
		F03859DD1F5925760053F2F7 /* Main.storyboard */ = {
			isa = PBXVariantGroup;
			children = (
				F03859DE1F5925760053F2F7 /* Base */,
			);
			name = Main.storyboard;
			sourceTree = "<group>";
		};
		F03859E21F5925760053F2F7 /* LaunchScreen.storyboard */ = {
			isa = PBXVariantGroup;
			children = (
				F03859E31F5925760053F2F7 /* Base */,
			);
			name = LaunchScreen.storyboard;
			sourceTree = "<group>";
		};
/* End PBXVariantGroup section */

/* Begin XCBuildConfiguration section */
		F03859FC1F5925760053F2F7 /* Debug */ = {
			isa = XCBuildConfiguration;
			buildSettings = {
				ALWAYS_SEARCH_USER_PATHS = NO;
				CLANG_ANALYZER_NONNULL = YES;
				CLANG_ANALYZER_NUMBER_OBJECT_CONVERSION = YES_AGGRESSIVE;
				CLANG_CXX_LANGUAGE_STANDARD = "gnu++0x";
				CLANG_CXX_LIBRARY = "libc++";
				CLANG_ENABLE_MODULES = YES;
				CLANG_ENABLE_OBJC_ARC = YES;
				CLANG_WARN_BOOL_CONVERSION = YES;
				CLANG_WARN_CONSTANT_CONVERSION = YES;
				CLANG_WARN_DIRECT_OBJC_ISA_USAGE = YES_ERROR;
				CLANG_WARN_DOCUMENTATION_COMMENTS = YES;
				CLANG_WARN_EMPTY_BODY = YES;
				CLANG_WARN_ENUM_CONVERSION = YES;
				CLANG_WARN_INFINITE_RECURSION = YES;
				CLANG_WARN_INT_CONVERSION = YES;
				CLANG_WARN_OBJC_ROOT_CLASS = YES_ERROR;
				CLANG_WARN_SUSPICIOUS_MOVE = YES;
				CLANG_WARN_UNREACHABLE_CODE = YES;
				CLANG_WARN__DUPLICATE_METHOD_MATCH = YES;
				"CODE_SIGN_IDENTITY[sdk=iphoneos*]" = "iPhone Developer";
				COPY_PHASE_STRIP = NO;
				DEBUG_INFORMATION_FORMAT = dwarf;
				ENABLE_STRICT_OBJC_MSGSEND = YES;
				ENABLE_TESTABILITY = YES;
				GCC_C_LANGUAGE_STANDARD = gnu99;
				GCC_DYNAMIC_NO_PIC = NO;
				GCC_NO_COMMON_BLOCKS = YES;
				GCC_OPTIMIZATION_LEVEL = 0;
				GCC_PREPROCESSOR_DEFINITIONS = (
					"DEBUG=1",
					"$(inherited)",
				);
				GCC_WARN_64_TO_32_BIT_CONVERSION = YES;
				GCC_WARN_ABOUT_RETURN_TYPE = YES_ERROR;
				GCC_WARN_UNDECLARED_SELECTOR = YES;
				GCC_WARN_UNINITIALIZED_AUTOS = YES_AGGRESSIVE;
				GCC_WARN_UNUSED_FUNCTION = YES;
				GCC_WARN_UNUSED_VARIABLE = YES;
				IPHONEOS_DEPLOYMENT_TARGET = 10.3;
				MTL_ENABLE_DEBUG_INFO = YES;
				ONLY_ACTIVE_ARCH = YES;
				SDKROOT = iphoneos;
			};
			name = Debug;
		};
		F03859FD1F5925760053F2F7 /* Release */ = {
			isa = XCBuildConfiguration;
			buildSettings = {
				ALWAYS_SEARCH_USER_PATHS = NO;
				CLANG_ANALYZER_NONNULL = YES;
				CLANG_ANALYZER_NUMBER_OBJECT_CONVERSION = YES_AGGRESSIVE;
				CLANG_CXX_LANGUAGE_STANDARD = "gnu++0x";
				CLANG_CXX_LIBRARY = "libc++";
				CLANG_ENABLE_MODULES = YES;
				CLANG_ENABLE_OBJC_ARC = YES;
				CLANG_WARN_BOOL_CONVERSION = YES;
				CLANG_WARN_CONSTANT_CONVERSION = YES;
				CLANG_WARN_DIRECT_OBJC_ISA_USAGE = YES_ERROR;
				CLANG_WARN_DOCUMENTATION_COMMENTS = YES;
				CLANG_WARN_EMPTY_BODY = YES;
				CLANG_WARN_ENUM_CONVERSION = YES;
				CLANG_WARN_INFINITE_RECURSION = YES;
				CLANG_WARN_INT_CONVERSION = YES;
				CLANG_WARN_OBJC_ROOT_CLASS = YES_ERROR;
				CLANG_WARN_SUSPICIOUS_MOVE = YES;
				CLANG_WARN_UNREACHABLE_CODE = YES;
				CLANG_WARN__DUPLICATE_METHOD_MATCH = YES;
				"CODE_SIGN_IDENTITY[sdk=iphoneos*]" = "iPhone Developer";
				COPY_PHASE_STRIP = NO;
				DEBUG_INFORMATION_FORMAT = "dwarf-with-dsym";
				ENABLE_NS_ASSERTIONS = NO;
				ENABLE_STRICT_OBJC_MSGSEND = YES;
				GCC_C_LANGUAGE_STANDARD = gnu99;
				GCC_NO_COMMON_BLOCKS = YES;
				GCC_WARN_64_TO_32_BIT_CONVERSION = YES;
				GCC_WARN_ABOUT_RETURN_TYPE = YES_ERROR;
				GCC_WARN_UNDECLARED_SELECTOR = YES;
				GCC_WARN_UNINITIALIZED_AUTOS = YES_AGGRESSIVE;
				GCC_WARN_UNUSED_FUNCTION = YES;
				GCC_WARN_UNUSED_VARIABLE = YES;
				IPHONEOS_DEPLOYMENT_TARGET = 10.3;
				MTL_ENABLE_DEBUG_INFO = NO;
				SDKROOT = iphoneos;
				VALIDATE_PRODUCT = YES;
			};
			name = Release;
		};
		F03859FF1F5925760053F2F7 /* Debug */ = {
			isa = XCBuildConfiguration;
			buildSettings = {
				ASSETCATALOG_COMPILER_APPICON_NAME = AppIcon;
				INFOPLIST_FILE = SDWebImage/Info.plist;
				LD_RUNPATH_SEARCH_PATHS = "$(inherited) @executable_path/Frameworks";
				PRODUCT_BUNDLE_IDENTIFIER = zhdk.SDWebImage;
				PRODUCT_NAME = "$(TARGET_NAME)";
			};
			name = Debug;
		};
		F0385A001F5925760053F2F7 /* Release */ = {
			isa = XCBuildConfiguration;
			buildSettings = {
				ASSETCATALOG_COMPILER_APPICON_NAME = AppIcon;
				INFOPLIST_FILE = SDWebImage/Info.plist;
				LD_RUNPATH_SEARCH_PATHS = "$(inherited) @executable_path/Frameworks";
				PRODUCT_BUNDLE_IDENTIFIER = zhdk.SDWebImage;
				PRODUCT_NAME = "$(TARGET_NAME)";
			};
			name = Release;
		};
		F0385A021F5925760053F2F7 /* Debug */ = {
			isa = XCBuildConfiguration;
			buildSettings = {
				BUNDLE_LOADER = "$(TEST_HOST)";
				INFOPLIST_FILE = SDWebImageTests/Info.plist;
				LD_RUNPATH_SEARCH_PATHS = "$(inherited) @executable_path/Frameworks @loader_path/Frameworks";
				PRODUCT_BUNDLE_IDENTIFIER = zhdk.SDWebImageTests;
				PRODUCT_NAME = "$(TARGET_NAME)";
				TEST_HOST = "$(BUILT_PRODUCTS_DIR)/SDWebImage.app/SDWebImage";
			};
			name = Debug;
		};
		F0385A031F5925760053F2F7 /* Release */ = {
			isa = XCBuildConfiguration;
			buildSettings = {
				BUNDLE_LOADER = "$(TEST_HOST)";
				INFOPLIST_FILE = SDWebImageTests/Info.plist;
				LD_RUNPATH_SEARCH_PATHS = "$(inherited) @executable_path/Frameworks @loader_path/Frameworks";
				PRODUCT_BUNDLE_IDENTIFIER = zhdk.SDWebImageTests;
				PRODUCT_NAME = "$(TARGET_NAME)";
				TEST_HOST = "$(BUILT_PRODUCTS_DIR)/SDWebImage.app/SDWebImage";
			};
			name = Release;
		};
		F0385A051F5925760053F2F7 /* Debug */ = {
			isa = XCBuildConfiguration;
			buildSettings = {
				INFOPLIST_FILE = SDWebImageUITests/Info.plist;
				LD_RUNPATH_SEARCH_PATHS = "$(inherited) @executable_path/Frameworks @loader_path/Frameworks";
				PRODUCT_BUNDLE_IDENTIFIER = zhdk.SDWebImageUITests;
				PRODUCT_NAME = "$(TARGET_NAME)";
				TEST_TARGET_NAME = SDWebImage;
			};
			name = Debug;
		};
		F0385A061F5925760053F2F7 /* Release */ = {
			isa = XCBuildConfiguration;
			buildSettings = {
				INFOPLIST_FILE = SDWebImageUITests/Info.plist;
				LD_RUNPATH_SEARCH_PATHS = "$(inherited) @executable_path/Frameworks @loader_path/Frameworks";
				PRODUCT_BUNDLE_IDENTIFIER = zhdk.SDWebImageUITests;
				PRODUCT_NAME = "$(TARGET_NAME)";
				TEST_TARGET_NAME = SDWebImage;
			};
			name = Release;
		};
/* End XCBuildConfiguration section */

/* Begin XCConfigurationList section */
		F03859CC1F5925760053F2F7 /* Build configuration list for PBXProject "SDWebImage" */ = {
			isa = XCConfigurationList;
			buildConfigurations = (
				F03859FC1F5925760053F2F7 /* Debug */,
				F03859FD1F5925760053F2F7 /* Release */,
			);
			defaultConfigurationIsVisible = 0;
			defaultConfigurationName = Release;
		};
		F03859FE1F5925760053F2F7 /* Build configuration list for PBXNativeTarget "SDWebImage" */ = {
			isa = XCConfigurationList;
			buildConfigurations = (
				F03859FF1F5925760053F2F7 /* Debug */,
				F0385A001F5925760053F2F7 /* Release */,
			);
			defaultConfigurationIsVisible = 0;
		};
		F0385A011F5925760053F2F7 /* Build configuration list for PBXNativeTarget "SDWebImageTests" */ = {
			isa = XCConfigurationList;
			buildConfigurations = (
				F0385A021F5925760053F2F7 /* Debug */,
				F0385A031F5925760053F2F7 /* Release */,
			);
			defaultConfigurationIsVisible = 0;
		};
		F0385A041F5925760053F2F7 /* Build configuration list for PBXNativeTarget "SDWebImageUITests" */ = {
			isa = XCConfigurationList;
			buildConfigurations = (
				F0385A051F5925760053F2F7 /* Debug */,
				F0385A061F5925760053F2F7 /* Release */,
			);
			defaultConfigurationIsVisible = 0;
		};
/* End XCConfigurationList section */
	};
	rootObject = F03859C91F5925760053F2F7 /* Project object */;
}
